
Microsoft Visual Studio Solution File, Format Version 12.00
# Visual Studio Version 17
VisualStudioVersion = 17.9.34701.34
MinimumVisualStudioVersion = 10.0.40219.1
Project("{9A19103F-16F7-4668-BE54-9A1E7A4F7556}") = "BusinessLogic", "BusinessLogic\BusinessLogic.csproj", "{4E6B73CE-8381-4538-BC24-875FD82D6271}"
EndProject
Project("{FAE04EC0-301F-11D3-BF4B-00C04F79EFBC}") = "CrossPlatformApp", "CrossPlatformApp\CrossPlatformApp.csproj", "{3FC324E7-1DBA-46AA-A9E6-D4E08AD204A0}"
EndProject
Global
	GlobalSection(SolutionConfigurationPlatforms) = preSolution
		Debug|Any CPU = Debug|Any CPU
		Release|Any CPU = Release|Any CPU
	EndGlobalSection
	GlobalSection(ProjectConfigurationPlatforms) = postSolution
		{4E6B73CE-8381-4538-BC24-875FD82D6271}.Debug|Any CPU.ActiveCfg = Debug|Any CPU
		{4E6B73CE-8381-4538-BC24-875FD82D6271}.Debug|Any CPU.Build.0 = Debug|Any CPU
		{4E6B73CE-8381-4538-BC24-875FD82D6271}.Release|Any CPU.ActiveCfg = Release|Any CPU
		{4E6B73CE-8381-4538-BC24-875FD82D6271}.Release|Any CPU.Build.0 = Release|Any CPU
		{3FC324E7-1DBA-46AA-A9E6-D4E08AD204A0}.Debug|Any CPU.ActiveCfg = Debug|Any CPU
		{3FC324E7-1DBA-46AA-A9E6-D4E08AD204A0}.Debug|Any CPU.Build.0 = Debug|Any CPU
		{3FC324E7-1DBA-46AA-A9E6-D4E08AD204A0}.Debug|Any CPU.Deploy.0 = Debug|Any CPU
		{3FC324E7-1DBA-46AA-A9E6-D4E08AD204A0}.Release|Any CPU.ActiveCfg = Release|Any CPU
		{3FC324E7-1DBA-46AA-A9E6-D4E08AD204A0}.Release|Any CPU.Build.0 = Release|Any CPU
		{3FC324E7-1DBA-46AA-A9E6-D4E08AD204A0}.Release|Any CPU.Deploy.0 = Release|Any CPU
	EndGlobalSection
	GlobalSection(SolutionProperties) = preSolution
		HideSolutionNode = FALSE
	EndGlobalSection
	GlobalSection(ExtensibilityGlobals) = postSolution
		SolutionGuid = {9F329DFD-278C-48C3-A4E4-FA7A5B809047}
	EndGlobalSection
EndGlobal
